
Microsoft Visual Studio Solution File, Format Version 12.00
Project("{FAE04EC0-301F-11D3-BF4B-00C04F79EFBC}") = "UltimateCSPart1", "UltimateCSPart1\UltimateCSPart1.csproj", "{4313420B-AA11-4781-A831-442100CEE45A}"
EndProject
Project("{FAE04EC0-301F-11D3-BF4B-00C04F79EFBC}") = "UltimateCSPart2", "UltimateCSPart2\UltimateCSPart2.csproj", "{A49D28E5-28E3-4FC9-B65E-74ECA5FA652A}"
EndProject
Project("{FAE04EC0-301F-11D3-BF4B-00C04F79EFBC}") = "UltimateCSPart3", "UltimateCSPart3\UltimateCSPart3.csproj", "{C5008307-5861-4667-BC90-21937736DB89}"
EndProject
Project("{FAE04EC0-301F-11D3-BF4B-00C04F79EFBC}") = "UnitTestingCS", "UnitTestingCS\UnitTestingCS.csproj", "{831B2006-D790-488B-9CE8-FBAA05C328F8}"
EndProject
Global
	GlobalSection(SolutionConfigurationPlatforms) = preSolution
		Debug|Any CPU = Debug|Any CPU
		Release|Any CPU = Release|Any CPU
	EndGlobalSection
	GlobalSection(ProjectConfigurationPlatforms) = postSolution
		{4313420B-AA11-4781-A831-442100CEE45A}.Debug|Any CPU.ActiveCfg = Debug|Any CPU
		{4313420B-AA11-4781-A831-442100CEE45A}.Debug|Any CPU.Build.0 = Debug|Any CPU
		{4313420B-AA11-4781-A831-442100CEE45A}.Release|Any CPU.ActiveCfg = Release|Any CPU
		{4313420B-AA11-4781-A831-442100CEE45A}.Release|Any CPU.Build.0 = Release|Any CPU
		{A49D28E5-28E3-4FC9-B65E-74ECA5FA652A}.Debug|Any CPU.ActiveCfg = Debug|Any CPU
		{A49D28E5-28E3-4FC9-B65E-74ECA5FA652A}.Debug|Any CPU.Build.0 = Debug|Any CPU
		{A49D28E5-28E3-4FC9-B65E-74ECA5FA652A}.Release|Any CPU.ActiveCfg = Release|Any CPU
		{A49D28E5-28E3-4FC9-B65E-74ECA5FA652A}.Release|Any CPU.Build.0 = Release|Any CPU
		{C5008307-5861-4667-BC90-21937736DB89}.Debug|Any CPU.ActiveCfg = Debug|Any CPU
		{C5008307-5861-4667-BC90-21937736DB89}.Debug|Any CPU.Build.0 = Debug|Any CPU
		{C5008307-5861-4667-BC90-21937736DB89}.Release|Any CPU.ActiveCfg = Release|Any CPU
		{C5008307-5861-4667-BC90-21937736DB89}.Release|Any CPU.Build.0 = Release|Any CPU
		{831B2006-D790-488B-9CE8-FBAA05C328F8}.Debug|Any CPU.ActiveCfg = Debug|Any CPU
		{831B2006-D790-488B-9CE8-FBAA05C328F8}.Debug|Any CPU.Build.0 = Debug|Any CPU
		{831B2006-D790-488B-9CE8-FBAA05C328F8}.Release|Any CPU.ActiveCfg = Release|Any CPU
		{831B2006-D790-488B-9CE8-FBAA05C328F8}.Release|Any CPU.Build.0 = Release|Any CPU
	EndGlobalSection
EndGlobal
